
Microsoft Visual Studio Solution File, Format Version 12.00
# Visual Studio Version 16
VisualStudioVersion = 25.0.1706.7
MinimumVisualStudioVersion = 10.0.40219.1
Project("{FAE04EC0-301F-11D3-BF4B-00C04F79EFBC}") = "Day13", "Day13\Day13.csproj", "{8911CECC-9F42-4505-9ECF-743358BF0B9D}"
EndProject
Global
	GlobalSection(SolutionConfigurationPlatforms) = preSolution
		Debug|Any CPU = Debug|Any CPU
		Release|Any CPU = Release|Any CPU
	EndGlobalSection
	GlobalSection(ProjectConfigurationPlatforms) = postSolution
		{8911CECC-9F42-4505-9ECF-743358BF0B9D}.Debug|Any CPU.ActiveCfg = Debug|Any CPU
		{8911CECC-9F42-4505-9ECF-743358BF0B9D}.Debug|Any CPU.Build.0 = Debug|Any CPU
		{8911CECC-9F42-4505-9ECF-743358BF0B9D}.Release|Any CPU.ActiveCfg = Release|Any CPU
		{8911CECC-9F42-4505-9ECF-743358BF0B9D}.Release|Any CPU.Build.0 = Release|Any CPU
	EndGlobalSection
	GlobalSection(SolutionProperties) = preSolution
		HideSolutionNode = FALSE
	EndGlobalSection
	GlobalSection(ExtensibilityGlobals) = postSolution
		SolutionGuid = {7EB3ABB7-7C9F-4298-A6C5-C6145637BDE9}
	EndGlobalSection
EndGlobal
