
Microsoft Visual Studio Solution File, Format Version 12.00
# Visual Studio Version 16
VisualStudioVersion = 25.0.1706.7
MinimumVisualStudioVersion = 10.0.40219.1
Project("{FAE04EC0-301F-11D3-BF4B-00C04F79EFBC}") = "Day4", "Day4\Day4.csproj", "{6E6EF732-7858-472A-A580-2EA69CA855E2}"
EndProject
Global
	GlobalSection(SolutionConfigurationPlatforms) = preSolution
		Debug|Any CPU = Debug|Any CPU
		Release|Any CPU = Release|Any CPU
	EndGlobalSection
	GlobalSection(ProjectConfigurationPlatforms) = postSolution
		{6E6EF732-7858-472A-A580-2EA69CA855E2}.Debug|Any CPU.ActiveCfg = Debug|Any CPU
		{6E6EF732-7858-472A-A580-2EA69CA855E2}.Debug|Any CPU.Build.0 = Debug|Any CPU
		{6E6EF732-7858-472A-A580-2EA69CA855E2}.Release|Any CPU.ActiveCfg = Release|Any CPU
		{6E6EF732-7858-472A-A580-2EA69CA855E2}.Release|Any CPU.Build.0 = Release|Any CPU
	EndGlobalSection
	GlobalSection(SolutionProperties) = preSolution
		HideSolutionNode = FALSE
	EndGlobalSection
	GlobalSection(ExtensibilityGlobals) = postSolution
		SolutionGuid = {246BECCA-FC14-441A-A923-B15E5860B828}
	EndGlobalSection
EndGlobal
